// !$*UTF8*$!
{
	archiveVersion = 1;
	classes = {
	};
	objectVersion = 46;
	objects = {

/* Begin PBXBuildFile section */
		AFA29AD715C9A50000AF9721 /* ASRangeSlider.m in Sources */ = {isa = PBXBuildFile; fileRef = AFA29AD415C9A50000AF9721 /* ASRangeSlider.m */; };
		AFA29AD815C9A50000AF9721 /* SliderThumbView.m in Sources */ = {isa = PBXBuildFile; fileRef = AFA29AD615C9A50000AF9721 /* SliderThumbView.m */; };
		AFA29ADE15C9A66C00AF9721 /* rangeslider-default.png in Resources */ = {isa = PBXBuildFile; fileRef = AFA29ADA15C9A66C00AF9721 /* rangeslider-default.png */; };
		AFA29ADF15C9A66C00AF9721 /* rangeslider-default@2x.png in Resources */ = {isa = PBXBuildFile; fileRef = AFA29ADB15C9A66C00AF9721 /* rangeslider-default@2x.png */; };
		AFA29AE015C9A66C00AF9721 /* rangeslider-pin.png in Resources */ = {isa = PBXBuildFile; fileRef = AFA29ADC15C9A66C00AF9721 /* rangeslider-pin.png */; };
		AFA29AE115C9A66C00AF9721 /* rangeslider-pin@2x.png in Resources */ = {isa = PBXBuildFile; fileRef = AFA29ADD15C9A66C00AF9721 /* rangeslider-pin@2x.png */; };
		AFA29AE915C9A73A00AF9721 /* blank-button-round-black-glass.png in Resources */ = {isa = PBXBuildFile; fileRef = AFA29AE315C9A73A00AF9721 /* blank-button-round-black-glass.png */; };
		AFA29AEA15C9A73A00AF9721 /* blank-button-round-blue.png in Resources */ = {isa = PBXBuildFile; fileRef = AFA29AE415C9A73A00AF9721 /* blank-button-round-blue.png */; };
		AFA29AEB15C9A73A00AF9721 /* dark-green-round-glass-button.png in Resources */ = {isa = PBXBuildFile; fileRef = AFA29AE515C9A73A00AF9721 /* dark-green-round-glass-button.png */; };
		AFA29AEC15C9A73A00AF9721 /* dark-purple-glass-but.png in Resources */ = {isa = PBXBuildFile; fileRef = AFA29AE615C9A73A00AF9721 /* dark-purple-glass-but.png */; };
		AFA29AED15C9A73A00AF9721 /* glass-round-red-green-button.png in Resources */ = {isa = PBXBuildFile; fileRef = AFA29AE715C9A73A00AF9721 /* glass-round-red-green-button.png */; };
		AFA29AEE15C9A73A00AF9721 /* slider-handle.png in Resources */ = {isa = PBXBuildFile; fileRef = AFA29AE815C9A73A00AF9721 /* slider-handle.png */; };
		CC300DE713A0C5B2009485EC /* UIKit.framework in Frameworks */ = {isa = PBXBuildFile; fileRef = CC300DE613A0C5B2009485EC /* UIKit.framework */; };
		CC300DE913A0C5B2009485EC /* Foundation.framework in Frameworks */ = {isa = PBXBuildFile; fileRef = CC300DE813A0C5B2009485EC /* Foundation.framework */; };
		CC300DEB13A0C5B2009485EC /* CoreGraphics.framework in Frameworks */ = {isa = PBXBuildFile; fileRef = CC300DEA13A0C5B2009485EC /* CoreGraphics.framework */; };
		CC300DF413A0C5B2009485EC /* main.m in Sources */ = {isa = PBXBuildFile; fileRef = CC300DF313A0C5B2009485EC /* main.m */; };
		CC300E1313A0C62F009485EC /* ASRangeSliderAppDelegate.m in Sources */ = {isa = PBXBuildFile; fileRef = CC300E0D13A0C62F009485EC /* ASRangeSliderAppDelegate.m */; };
		CC300E1413A0C62F009485EC /* ASRangeSliderViewController.m in Sources */ = {isa = PBXBuildFile; fileRef = CC300E1013A0C62F009485EC /* ASRangeSliderViewController.m */; };
/* End PBXBuildFile section */

/* Begin PBXFileReference section */
		AFA29AD315C9A50000AF9721 /* ASRangeSlider.h */ = {isa = PBXFileReference; fileEncoding = 4; lastKnownFileType = sourcecode.c.h; path = ASRangeSlider.h; sourceTree = "<group>"; };
		AFA29AD415C9A50000AF9721 /* ASRangeSlider.m */ = {isa = PBXFileReference; fileEncoding = 4; lastKnownFileType = sourcecode.c.objc; path = ASRangeSlider.m; sourceTree = "<group>"; };
		AFA29AD515C9A50000AF9721 /* SliderThumbView.h */ = {isa = PBXFileReference; fileEncoding = 4; lastKnownFileType = sourcecode.c.h; path = SliderThumbView.h; sourceTree = "<group>"; };
		AFA29AD615C9A50000AF9721 /* SliderThumbView.m */ = {isa = PBXFileReference; fileEncoding = 4; lastKnownFileType = sourcecode.c.objc; path = SliderThumbView.m; sourceTree = "<group>"; };
		AFA29ADA15C9A66C00AF9721 /* rangeslider-default.png */ = {isa = PBXFileReference; lastKnownFileType = image.png; path = "rangeslider-default.png"; sourceTree = "<group>"; };
		AFA29ADB15C9A66C00AF9721 /* rangeslider-default@2x.png */ = {isa = PBXFileReference; lastKnownFileType = image.png; path = "rangeslider-default@2x.png"; sourceTree = "<group>"; };
		AFA29ADC15C9A66C00AF9721 /* rangeslider-pin.png */ = {isa = PBXFileReference; lastKnownFileType = image.png; path = "rangeslider-pin.png"; sourceTree = "<group>"; };
		AFA29ADD15C9A66C00AF9721 /* rangeslider-pin@2x.png */ = {isa = PBXFileReference; lastKnownFileType = image.png; path = "rangeslider-pin@2x.png"; sourceTree = "<group>"; };
		AFA29AE315C9A73A00AF9721 /* blank-button-round-black-glass.png */ = {isa = PBXFileReference; lastKnownFileType = image.png; path = "blank-button-round-black-glass.png"; sourceTree = "<group>"; };
		AFA29AE415C9A73A00AF9721 /* blank-button-round-blue.png */ = {isa = PBXFileReference; lastKnownFileType = image.png; path = "blank-button-round-blue.png"; sourceTree = "<group>"; };
		AFA29AE515C9A73A00AF9721 /* dark-green-round-glass-button.png */ = {isa = PBXFileReference; lastKnownFileType = image.png; path = "dark-green-round-glass-button.png"; sourceTree = "<group>"; };
		AFA29AE615C9A73A00AF9721 /* dark-purple-glass-but.png */ = {isa = PBXFileReference; lastKnownFileType = image.png; path = "dark-purple-glass-but.png"; sourceTree = "<group>"; };
		AFA29AE715C9A73A00AF9721 /* glass-round-red-green-button.png */ = {isa = PBXFileReference; lastKnownFileType = image.png; path = "glass-round-red-green-button.png"; sourceTree = "<group>"; };
		AFA29AE815C9A73A00AF9721 /* slider-handle.png */ = {isa = PBXFileReference; lastKnownFileType = image.png; path = "slider-handle.png"; sourceTree = "<group>"; };
		CC300DE213A0C5B2009485EC /* ASRangeSlider.app */ = {isa = PBXFileReference; explicitFileType = wrapper.application; includeInIndex = 0; path = ASRangeSlider.app; sourceTree = BUILT_PRODUCTS_DIR; };
		CC300DE613A0C5B2009485EC /* UIKit.framework */ = {isa = PBXFileReference; lastKnownFileType = wrapper.framework; name = UIKit.framework; path = System/Library/Frameworks/UIKit.framework; sourceTree = SDKROOT; };
		CC300DE813A0C5B2009485EC /* Foundation.framework */ = {isa = PBXFileReference; lastKnownFileType = wrapper.framework; name = Foundation.framework; path = System/Library/Frameworks/Foundation.framework; sourceTree = SDKROOT; };
		CC300DEA13A0C5B2009485EC /* CoreGraphics.framework */ = {isa = PBXFileReference; lastKnownFileType = wrapper.framework; name = CoreGraphics.framework; path = System/Library/Frameworks/CoreGraphics.framework; sourceTree = SDKROOT; };
		CC300DEE13A0C5B2009485EC /* ASRangeSlider-Info.plist */ = {isa = PBXFileReference; lastKnownFileType = text.plist.xml; path = "ASRangeSlider-Info.plist"; sourceTree = "<group>"; };
		CC300DF213A0C5B2009485EC /* ASRangeSlider-Prefix.pch */ = {isa = PBXFileReference; lastKnownFileType = sourcecode.c.h; path = "ASRangeSlider-Prefix.pch"; sourceTree = "<group>"; };
		CC300DF313A0C5B2009485EC /* main.m */ = {isa = PBXFileReference; lastKnownFileType = sourcecode.c.objc; path = main.m; sourceTree = "<group>"; };
		CC300E0C13A0C62F009485EC /* ASRangeSliderAppDelegate.h */ = {isa = PBXFileReference; fileEncoding = 4; lastKnownFileType = sourcecode.c.h; path = ASRangeSliderAppDelegate.h; sourceTree = "<group>"; };
		CC300E0D13A0C62F009485EC /* ASRangeSliderAppDelegate.m */ = {isa = PBXFileReference; fileEncoding = 4; lastKnownFileType = sourcecode.c.objc; path = ASRangeSliderAppDelegate.m; sourceTree = "<group>"; };
		CC300E0F13A0C62F009485EC /* ASRangeSliderViewController.h */ = {isa = PBXFileReference; fileEncoding = 4; lastKnownFileType = sourcecode.c.h; path = ASRangeSliderViewController.h; sourceTree = "<group>"; };
		CC300E1013A0C62F009485EC /* ASRangeSliderViewController.m */ = {isa = PBXFileReference; fileEncoding = 4; lastKnownFileType = sourcecode.c.objc; path = ASRangeSliderViewController.m; sourceTree = "<group>"; };
/* End PBXFileReference section */

/* Begin PBXFrameworksBuildPhase section */
		CC300DDF13A0C5B2009485EC /* Frameworks */ = {
			isa = PBXFrameworksBuildPhase;
			buildActionMask = 2147483647;
			files = (
				CC300DE713A0C5B2009485EC /* UIKit.framework in Frameworks */,
				CC300DE913A0C5B2009485EC /* Foundation.framework in Frameworks */,
				CC300DEB13A0C5B2009485EC /* CoreGraphics.framework in Frameworks */,
			);
			runOnlyForDeploymentPostprocessing = 0;
		};
/* End PBXFrameworksBuildPhase section */

/* Begin PBXGroup section */
		AFA29AD215C9A50000AF9721 /* ASRangeSlider */ = {
			isa = PBXGroup;
			children = (
				AFA29AD915C9A66C00AF9721 /* Resources */,
				AFA29AD315C9A50000AF9721 /* ASRangeSlider.h */,
				AFA29AD415C9A50000AF9721 /* ASRangeSlider.m */,
				AFA29AD515C9A50000AF9721 /* SliderThumbView.h */,
				AFA29AD615C9A50000AF9721 /* SliderThumbView.m */,
			);
			path = ASRangeSlider;
			sourceTree = "<group>";
		};
		AFA29AD915C9A66C00AF9721 /* Resources */ = {
			isa = PBXGroup;
			children = (
				AFA29ADA15C9A66C00AF9721 /* rangeslider-default.png */,
				AFA29ADB15C9A66C00AF9721 /* rangeslider-default@2x.png */,
				AFA29ADC15C9A66C00AF9721 /* rangeslider-pin.png */,
				AFA29ADD15C9A66C00AF9721 /* rangeslider-pin@2x.png */,
			);
			path = Resources;
			sourceTree = "<group>";
		};
		AFA29AE215C9A73A00AF9721 /* Resources */ = {
			isa = PBXGroup;
			children = (
				AFA29AE315C9A73A00AF9721 /* blank-button-round-black-glass.png */,
				AFA29AE415C9A73A00AF9721 /* blank-button-round-blue.png */,
				AFA29AE515C9A73A00AF9721 /* dark-green-round-glass-button.png */,
				AFA29AE615C9A73A00AF9721 /* dark-purple-glass-but.png */,
				AFA29AE715C9A73A00AF9721 /* glass-round-red-green-button.png */,
				AFA29AE815C9A73A00AF9721 /* slider-handle.png */,
			);
			name = Resources;
			path = ASRangeSlider/Resources;
			sourceTree = "<group>";
		};
		CC300DD713A0C5B1009485EC = {
			isa = PBXGroup;
			children = (
				CC300DEC13A0C5B2009485EC /* ASRangeSlider */,
				AFA29AE215C9A73A00AF9721 /* Resources */,
				CC300DE513A0C5B2009485EC /* Frameworks */,
				CC300DE313A0C5B2009485EC /* Products */,
			);
			sourceTree = "<group>";
		};
		CC300DE313A0C5B2009485EC /* Products */ = {
			isa = PBXGroup;
			children = (
				CC300DE213A0C5B2009485EC /* ASRangeSlider.app */,
			);
			name = Products;
			sourceTree = "<group>";
		};
		CC300DE513A0C5B2009485EC /* Frameworks */ = {
			isa = PBXGroup;
			children = (
				CC300DEA13A0C5B2009485EC /* CoreGraphics.framework */,
				CC300DE813A0C5B2009485EC /* Foundation.framework */,
				CC300DE613A0C5B2009485EC /* UIKit.framework */,
			);
			name = Frameworks;
			sourceTree = "<group>";
		};
		CC300DEC13A0C5B2009485EC /* ASRangeSlider */ = {
			isa = PBXGroup;
			children = (
				AFA29AD215C9A50000AF9721 /* ASRangeSlider */,
				CC300E0E13A0C62F009485EC /* View Controllers */,
				CC300E0B13A0C62F009485EC /* Other Sources */,
				CC300DED13A0C5B2009485EC /* Supporting Files */,
			);
			path = ASRangeSlider;
			sourceTree = "<group>";
		};
		CC300DED13A0C5B2009485EC /* Supporting Files */ = {
			isa = PBXGroup;
			children = (
				CC300DEE13A0C5B2009485EC /* ASRangeSlider-Info.plist */,
				CC300DF213A0C5B2009485EC /* ASRangeSlider-Prefix.pch */,
				CC300DF313A0C5B2009485EC /* main.m */,
			);
			name = "Supporting Files";
			sourceTree = "<group>";
		};
		CC300E0B13A0C62F009485EC /* Other Sources */ = {
			isa = PBXGroup;
			children = (
				CC300E0C13A0C62F009485EC /* ASRangeSliderAppDelegate.h */,
				CC300E0D13A0C62F009485EC /* ASRangeSliderAppDelegate.m */,
			);
			path = "Other Sources";
			sourceTree = "<group>";
		};
		CC300E0E13A0C62F009485EC /* View Controllers */ = {
			isa = PBXGroup;
			children = (
				CC300E0F13A0C62F009485EC /* ASRangeSliderViewController.h */,
				CC300E1013A0C62F009485EC /* ASRangeSliderViewController.m */,
			);
			path = "View Controllers";
			sourceTree = "<group>";
		};
/* End PBXGroup section */

/* Begin PBXNativeTarget section */
		CC300DE113A0C5B2009485EC /* ASRangeSlider */ = {
			isa = PBXNativeTarget;
			buildConfigurationList = CC300E0313A0C5B2009485EC /* Build configuration list for PBXNativeTarget "ASRangeSlider" */;
			buildPhases = (
				CC300DDE13A0C5B2009485EC /* Sources */,
				CC300DDF13A0C5B2009485EC /* Frameworks */,
				CC300DE013A0C5B2009485EC /* Resources */,
			);
			buildRules = (
			);
			dependencies = (
			);
			name = ASRangeSlider;
			productName = ASRangeSlider;
			productReference = CC300DE213A0C5B2009485EC /* ASRangeSlider.app */;
			productType = "com.apple.product-type.application";
		};
/* End PBXNativeTarget section */

/* Begin PBXProject section */
		CC300DD913A0C5B1009485EC /* Project object */ = {
			isa = PBXProject;
			attributes = {
				LastUpgradeCheck = 0440;
				ORGANIZATIONNAME = "caras and associates";
			};
			buildConfigurationList = CC300DDC13A0C5B1009485EC /* Build configuration list for PBXProject "ASRangeSlider" */;
			compatibilityVersion = "Xcode 3.2";
			developmentRegion = English;
			hasScannedForEncodings = 0;
			knownRegions = (
				en,
			);
			mainGroup = CC300DD713A0C5B1009485EC;
			productRefGroup = CC300DE313A0C5B2009485EC /* Products */;
			projectDirPath = "";
			projectRoot = "";
			targets = (
				CC300DE113A0C5B2009485EC /* ASRangeSlider */,
			);
		};
/* End PBXProject section */

/* Begin PBXResourcesBuildPhase section */
		CC300DE013A0C5B2009485EC /* Resources */ = {
			isa = PBXResourcesBuildPhase;
			buildActionMask = 2147483647;
			files = (
				AFA29ADE15C9A66C00AF9721 /* rangeslider-default.png in Resources */,
				AFA29ADF15C9A66C00AF9721 /* rangeslider-default@2x.png in Resources */,
				AFA29AE015C9A66C00AF9721 /* rangeslider-pin.png in Resources */,
				AFA29AE115C9A66C00AF9721 /* rangeslider-pin@2x.png in Resources */,
				AFA29AE915C9A73A00AF9721 /* blank-button-round-black-glass.png in Resources */,
				AFA29AEA15C9A73A00AF9721 /* blank-button-round-blue.png in Resources */,
				AFA29AEB15C9A73A00AF9721 /* dark-green-round-glass-button.png in Resources */,
				AFA29AEC15C9A73A00AF9721 /* dark-purple-glass-but.png in Resources */,
				AFA29AED15C9A73A00AF9721 /* glass-round-red-green-button.png in Resources */,
				AFA29AEE15C9A73A00AF9721 /* slider-handle.png in Resources */,
			);
			runOnlyForDeploymentPostprocessing = 0;
		};
/* End PBXResourcesBuildPhase section */

/* Begin PBXSourcesBuildPhase section */
		CC300DDE13A0C5B2009485EC /* Sources */ = {
			isa = PBXSourcesBuildPhase;
			buildActionMask = 2147483647;
			files = (
				CC300E1313A0C62F009485EC /* ASRangeSliderAppDelegate.m in Sources */,
				CC300E1413A0C62F009485EC /* ASRangeSliderViewController.m in Sources */,
				CC300DF413A0C5B2009485EC /* main.m in Sources */,
				AFA29AD715C9A50000AF9721 /* ASRangeSlider.m in Sources */,
				AFA29AD815C9A50000AF9721 /* SliderThumbView.m in Sources */,
			);
			runOnlyForDeploymentPostprocessing = 0;
		};
/* End PBXSourcesBuildPhase section */

/* Begin XCBuildConfiguration section */
		CC300E0113A0C5B2009485EC /* Debug */ = {
			isa = XCBuildConfiguration;
			buildSettings = {
				ARCHS = "$(ARCHS_STANDARD_32_BIT)";
				"CODE_SIGN_IDENTITY[sdk=iphoneos*]" = "iPhone Developer";
				GCC_C_LANGUAGE_STANDARD = gnu99;
				GCC_OPTIMIZATION_LEVEL = 0;
				GCC_PREPROCESSOR_DEFINITIONS = DEBUG;
				GCC_SYMBOLS_PRIVATE_EXTERN = NO;
				GCC_VERSION = com.apple.compilers.llvmgcc42;
				GCC_WARN_ABOUT_RETURN_TYPE = YES;
				GCC_WARN_UNUSED_VARIABLE = YES;
				IPHONEOS_DEPLOYMENT_TARGET = 4.3;
				SDKROOT = iphoneos;
			};
			name = Debug;
		};
		CC300E0213A0C5B2009485EC /* Release */ = {
			isa = XCBuildConfiguration;
			buildSettings = {
				ARCHS = "$(ARCHS_STANDARD_32_BIT)";
				"CODE_SIGN_IDENTITY[sdk=iphoneos*]" = "iPhone Developer";
				GCC_C_LANGUAGE_STANDARD = gnu99;
				GCC_VERSION = com.apple.compilers.llvmgcc42;
				GCC_WARN_ABOUT_RETURN_TYPE = YES;
				GCC_WARN_UNUSED_VARIABLE = YES;
				IPHONEOS_DEPLOYMENT_TARGET = 4.3;
				OTHER_CFLAGS = "-DNS_BLOCK_ASSERTIONS=1";
				SDKROOT = iphoneos;
			};
			name = Release;
		};
		CC300E0413A0C5B2009485EC /* Debug */ = {
			isa = XCBuildConfiguration;
			buildSettings = {
				ALWAYS_SEARCH_USER_PATHS = NO;
				CLANG_ENABLE_OBJC_ARC = YES;
				COPY_PHASE_STRIP = NO;
				GCC_DYNAMIC_NO_PIC = NO;
				GCC_PRECOMPILE_PREFIX_HEADER = YES;
				GCC_PREFIX_HEADER = "ASRangeSlider/ASRangeSlider-Prefix.pch";
				GCC_VERSION = com.apple.compilers.llvm.clang.1_0;
				INFOPLIST_FILE = "ASRangeSlider/ASRangeSlider-Info.plist";
				IPHONEOS_DEPLOYMENT_TARGET = 4.3;
				PRODUCT_NAME = "$(TARGET_NAME)";
				WRAPPER_EXTENSION = app;
			};
			name = Debug;
		};
		CC300E0513A0C5B2009485EC /* Release */ = {
			isa = XCBuildConfiguration;
			buildSettings = {
				ALWAYS_SEARCH_USER_PATHS = NO;
				CLANG_ENABLE_OBJC_ARC = YES;
				COPY_PHASE_STRIP = YES;
				GCC_PRECOMPILE_PREFIX_HEADER = YES;
				GCC_PREFIX_HEADER = "ASRangeSlider/ASRangeSlider-Prefix.pch";
				GCC_VERSION = com.apple.compilers.llvm.clang.1_0;
				INFOPLIST_FILE = "ASRangeSlider/ASRangeSlider-Info.plist";
				IPHONEOS_DEPLOYMENT_TARGET = 4.3;
				PRODUCT_NAME = "$(TARGET_NAME)";
				VALIDATE_PRODUCT = YES;
				WRAPPER_EXTENSION = app;
			};
			name = Release;
		};
/* End XCBuildConfiguration section */

/* Begin XCConfigurationList section */
		CC300DDC13A0C5B1009485EC /* Build configuration list for PBXProject "ASRangeSlider" */ = {
			isa = XCConfigurationList;
			buildConfigurations = (
				CC300E0113A0C5B2009485EC /* Debug */,
				CC300E0213A0C5B2009485EC /* Release */,
			);
			defaultConfigurationIsVisible = 0;
			defaultConfigurationName = Release;
		};
		CC300E0313A0C5B2009485EC /* Build configuration list for PBXNativeTarget "ASRangeSlider" */ = {
			isa = XCConfigurationList;
			buildConfigurations = (
				CC300E0413A0C5B2009485EC /* Debug */,
				CC300E0513A0C5B2009485EC /* Release */,
			);
			defaultConfigurationIsVisible = 0;
			defaultConfigurationName = Release;
		};
/* End XCConfigurationList section */
	};
	rootObject = CC300DD913A0C5B1009485EC /* Project object */;
}
